
Microsoft Visual Studio Solution File, Format Version 12.00
# Visual Studio Version 16
VisualStudioVersion = 16.0.29215.179
MinimumVisualStudioVersion = 10.0.40219.1
Project("{9A19103F-16F7-4668-BE54-9A1E7A4F7556}") = "GitConflictResolver", "GitConflictResolver.csproj", "{66F020DC-CB3C-403A-9DDF-E5E0F0032183}"
EndProject
Project("{FAE04EC0-301F-11D3-BF4B-00C04F79EFBC}") = "GitConflictResolver.Windows", "GitConflictResolver.Windows\GitConflictResolver.Windows.csproj", "{D53EB68F-CDBF-43C5-9E8C-A4D86F646A70}"
EndProject
Global
	GlobalSection(SolutionConfigurationPlatforms) = preSolution
		Debug|Any CPU = Debug|Any CPU
		Release|Any CPU = Release|Any CPU
	EndGlobalSection
	GlobalSection(ProjectConfigurationPlatforms) = postSolution
		{66F020DC-CB3C-403A-9DDF-E5E0F0032183}.Debug|Any CPU.ActiveCfg = Debug|Any CPU
		{66F020DC-CB3C-403A-9DDF-E5E0F0032183}.Debug|Any CPU.Build.0 = Debug|Any CPU
		{66F020DC-CB3C-403A-9DDF-E5E0F0032183}.Release|Any CPU.ActiveCfg = Release|Any CPU
		{66F020DC-CB3C-403A-9DDF-E5E0F0032183}.Release|Any CPU.Build.0 = Release|Any CPU
		{D53EB68F-CDBF-43C5-9E8C-A4D86F646A70}.Debug|Any CPU.ActiveCfg = Debug|Any CPU
		{D53EB68F-CDBF-43C5-9E8C-A4D86F646A70}.Debug|Any CPU.Build.0 = Debug|Any CPU
		{D53EB68F-CDBF-43C5-9E8C-A4D86F646A70}.Release|Any CPU.ActiveCfg = Release|Any CPU
		{D53EB68F-CDBF-43C5-9E8C-A4D86F646A70}.Release|Any CPU.Build.0 = Release|Any CPU
	EndGlobalSection
	GlobalSection(SolutionProperties) = preSolution
		HideSolutionNode = FALSE
	EndGlobalSection
	GlobalSection(ExtensibilityGlobals) = postSolution
		SolutionGuid = {BF7E470F-FC45-4406-8BF2-726601E4D6B6}
	EndGlobalSection
EndGlobal
